
Microsoft Visual Studio Solution File, Format Version 12.00
# Visual Studio Version 17
VisualStudioVersion = 17.3.32819.101
MinimumVisualStudioVersion = 10.0.40219.1
Project("{FAE04EC0-301F-11D3-BF4B-00C04F79EFBC}") = "FirstApp", "FirstApp\FirstApp.csproj", "{E0E7FF44-40F1-49E2-ABB7-344706FA6D8F}"
EndProject
Global
	GlobalSection(SolutionConfigurationPlatforms) = preSolution
		Debug|Any CPU = Debug|Any CPU
		Release|Any CPU = Release|Any CPU
	EndGlobalSection
	GlobalSection(ProjectConfigurationPlatforms) = postSolution
		{E0E7FF44-40F1-49E2-ABB7-344706FA6D8F}.Debug|Any CPU.ActiveCfg = Debug|Any CPU
		{E0E7FF44-40F1-49E2-ABB7-344706FA6D8F}.Debug|Any CPU.Build.0 = Debug|Any CPU
		{E0E7FF44-40F1-49E2-ABB7-344706FA6D8F}.Release|Any CPU.ActiveCfg = Release|Any CPU
		{E0E7FF44-40F1-49E2-ABB7-344706FA6D8F}.Release|Any CPU.Build.0 = Release|Any CPU
	EndGlobalSection
	GlobalSection(SolutionProperties) = preSolution
		HideSolutionNode = FALSE
	EndGlobalSection
	GlobalSection(ExtensibilityGlobals) = postSolution
		SolutionGuid = {4AF6E986-E6B3-4D93-AC19-075AF08563DA}
	EndGlobalSection
EndGlobal
