
Microsoft Visual Studio Solution File, Format Version 12.00
# Visual Studio Version 17
VisualStudioVersion = 17.3.32819.101
MinimumVisualStudioVersion = 10.0.40219.1
Project("{9A19103F-16F7-4668-BE54-9A1E7A4F7556}") = "FirstApp", "FirstApp\FirstApp.csproj", "{E0E7FF44-40F1-49E2-ABB7-344706FA6D8F}"
EndProject
Project("{2150E333-8FDC-42A3-9474-1A3956D46DE8}") = "Solution Items", "Solution Items", "{F9FEB2B2-89AF-451D-9905-8A8C5CFC7D69}"
	ProjectSection(SolutionItems) = preProject
		Readme.md = Readme.md
	EndProjectSection
EndProject
Global
	GlobalSection(SolutionConfigurationPlatforms) = preSolution
		Debug|Any CPU = Debug|Any CPU
		Release|Any CPU = Release|Any CPU
	EndGlobalSection
	GlobalSection(ProjectConfigurationPlatforms) = postSolution
		{E0E7FF44-40F1-49E2-ABB7-344706FA6D8F}.Debug|Any CPU.ActiveCfg = Debug|Any CPU
		{E0E7FF44-40F1-49E2-ABB7-344706FA6D8F}.Debug|Any CPU.Build.0 = Debug|Any CPU
		{E0E7FF44-40F1-49E2-ABB7-344706FA6D8F}.Release|Any CPU.ActiveCfg = Release|Any CPU
		{E0E7FF44-40F1-49E2-ABB7-344706FA6D8F}.Release|Any CPU.Build.0 = Release|Any CPU
	EndGlobalSection
	GlobalSection(SolutionProperties) = preSolution
		HideSolutionNode = FALSE
	EndGlobalSection
	GlobalSection(ExtensibilityGlobals) = postSolution
		SolutionGuid = {4AF6E986-E6B3-4D93-AC19-075AF08563DA}
	EndGlobalSection
EndGlobal
